{
  "nodes": {
    "nixpkgs": {
      "locked": {
        "lastModified": 1769018530,
        "narHash": "sha256-MJ27Cy2NtBEV5tsK+YraYr2g851f3Fl1LpNHDzDX15c=",
        "owner": "NixOS",
        "repo": "nixpkgs",
        "rev": "88d3861acdd3d2f0e361767018218e51810df8a1",
        "type": "github"
      },
      "original": {
        "owner": "NixOS",
        "ref": "nixos-unstable",
        "repo": "nixpkgs",
        "type": "github"
      }
    },
    "root": {
      "inputs": {
        "nixpkgs": "nixpkgs",
        "tortotubus": "tortotubus"
      }
    },
    "tortotubus": {
      "inputs": {
        "nixpkgs": [
          "nixpkgs"
        ]
      },
      "locked": {
        "lastModified": 1769304801,
        "narHash": "sha256-1NMwXKqbldMads2JHF+65/Bc8mQdAtegj8jklpxk/VY=",
        "owner": "tortotubus",
        "repo": "nur-packages",
        "rev": "2e2800fc2ff4d7acb837ff581dc6b84eb511c46c",
        "type": "github"
      },
      "original": {
        "owner": "tortotubus",
        "repo": "nur-packages",
        "type": "github"
      }
    }
  },
  "root": "root",
  "version": 7
}
